// !$*UTF8*$!
{
	archiveVersion = 1;
	classes = {
	};
	objectVersion = 77;
	objects = {

/* Begin PBXBuildFile section */
		327348D72D70A47400BE1F01 /* Lottie in Frameworks */ = {isa = PBXBuildFile; productRef = 327348D62D70A47400BE1F01 /* Lottie */; };
/* End PBXBuildFile section */

/* Begin PBXContainerItemProxy section */
		327348992D70968C00BE1F01 /* PBXContainerItemProxy */ = {
			isa = PBXContainerItemProxy;
			containerPortal = 327348802D70968900BE1F01 /* Project object */;
			proxyType = 1;
			remoteGlobalIDString = 327348872D70968900BE1F01;
			remoteInfo = "Progress-Indicator";
		};
		327348A32D70968C00BE1F01 /* PBXContainerItemProxy */ = {
			isa = PBXContainerItemProxy;
			containerPortal = 327348802D70968900BE1F01 /* Project object */;
			proxyType = 1;
			remoteGlobalIDString = 327348872D70968900BE1F01;
			remoteInfo = "Progress-Indicator";
		};
/* End PBXContainerItemProxy section */

/* Begin PBXFileReference section */
		327348882D70968900BE1F01 /* Progress-Indicator.app */ = {isa = PBXFileReference; explicitFileType = wrapper.application; includeInIndex = 0; path = "Progress-Indicator.app"; sourceTree = BUILT_PRODUCTS_DIR; };
		327348982D70968C00BE1F01 /* Progress-IndicatorTests.xctest */ = {isa = PBXFileReference; explicitFileType = wrapper.cfbundle; includeInIndex = 0; path = "Progress-IndicatorTests.xctest"; sourceTree = BUILT_PRODUCTS_DIR; };
		327348A22D70968C00BE1F01 /* Progress-IndicatorUITests.xctest */ = {isa = PBXFileReference; explicitFileType = wrapper.cfbundle; includeInIndex = 0; path = "Progress-IndicatorUITests.xctest"; sourceTree = BUILT_PRODUCTS_DIR; };
/* End PBXFileReference section */

/* Begin PBXFileSystemSynchronizedRootGroup section */
		3273488A2D70968900BE1F01 /* Progress-Indicator */ = {
			isa = PBXFileSystemSynchronizedRootGroup;
			path = "Progress-Indicator";
			sourceTree = "<group>";
		};
		3273489B2D70968C00BE1F01 /* Progress-IndicatorTests */ = {
			isa = PBXFileSystemSynchronizedRootGroup;
			path = "Progress-IndicatorTests";
			sourceTree = "<group>";
		};
		327348A52D70968C00BE1F01 /* Progress-IndicatorUITests */ = {
			isa = PBXFileSystemSynchronizedRootGroup;
			path = "Progress-IndicatorUITests";
			sourceTree = "<group>";
		};
/* End PBXFileSystemSynchronizedRootGroup section */

/* Begin PBXFrameworksBuildPhase section */
		327348852D70968900BE1F01 /* Frameworks */ = {
			isa = PBXFrameworksBuildPhase;
			buildActionMask = 2147483647;
			files = (
				327348D72D70A47400BE1F01 /* Lottie in Frameworks */,
			);
			runOnlyForDeploymentPostprocessing = 0;
		};
		327348952D70968C00BE1F01 /* Frameworks */ = {
			isa = PBXFrameworksBuildPhase;
			buildActionMask = 2147483647;
			files = (
			);
			runOnlyForDeploymentPostprocessing = 0;
		};
		3273489F2D70968C00BE1F01 /* Frameworks */ = {
			isa = PBXFrameworksBuildPhase;
			buildActionMask = 2147483647;
			files = (
			);
			runOnlyForDeploymentPostprocessing = 0;
		};
/* End PBXFrameworksBuildPhase section */

/* Begin PBXGroup section */
		3273487F2D70968900BE1F01 = {
			isa = PBXGroup;
			children = (
				3273488A2D70968900BE1F01 /* Progress-Indicator */,
				3273489B2D70968C00BE1F01 /* Progress-IndicatorTests */,
				327348A52D70968C00BE1F01 /* Progress-IndicatorUITests */,
				327348892D70968900BE1F01 /* Products */,
			);
			sourceTree = "<group>";
		};
		327348892D70968900BE1F01 /* Products */ = {
			isa = PBXGroup;
			children = (
				327348882D70968900BE1F01 /* Progress-Indicator.app */,
				327348982D70968C00BE1F01 /* Progress-IndicatorTests.xctest */,
				327348A22D70968C00BE1F01 /* Progress-IndicatorUITests.xctest */,
			);
			name = Products;
			sourceTree = "<group>";
		};
/* End PBXGroup section */

/* Begin PBXNativeTarget section */
		327348872D70968900BE1F01 /* Progress-Indicator */ = {
			isa = PBXNativeTarget;
			buildConfigurationList = 327348AC2D70968C00BE1F01 /* Build configuration list for PBXNativeTarget "Progress-Indicator" */;
			buildPhases = (
				327348842D70968900BE1F01 /* Sources */,
				327348852D70968900BE1F01 /* Frameworks */,
				327348862D70968900BE1F01 /* Resources */,
			);
			buildRules = (
			);
			dependencies = (
			);
			fileSystemSynchronizedGroups = (
				3273488A2D70968900BE1F01 /* Progress-Indicator */,
			);
			name = "Progress-Indicator";
			packageProductDependencies = (
				327348D62D70A47400BE1F01 /* Lottie */,
			);
			productName = "Progress-Indicator";
			productReference = 327348882D70968900BE1F01 /* Progress-Indicator.app */;
			productType = "com.apple.product-type.application";
		};
		327348972D70968C00BE1F01 /* Progress-IndicatorTests */ = {
			isa = PBXNativeTarget;
			buildConfigurationList = 327348AF2D70968C00BE1F01 /* Build configuration list for PBXNativeTarget "Progress-IndicatorTests" */;
			buildPhases = (
				327348942D70968C00BE1F01 /* Sources */,
				327348952D70968C00BE1F01 /* Frameworks */,
				327348962D70968C00BE1F01 /* Resources */,
			);
			buildRules = (
			);
			dependencies = (
				3273489A2D70968C00BE1F01 /* PBXTargetDependency */,
			);
			fileSystemSynchronizedGroups = (
				3273489B2D70968C00BE1F01 /* Progress-IndicatorTests */,
			);
			name = "Progress-IndicatorTests";
			packageProductDependencies = (
			);
			productName = "Progress-IndicatorTests";
			productReference = 327348982D70968C00BE1F01 /* Progress-IndicatorTests.xctest */;
			productType = "com.apple.product-type.bundle.unit-test";
		};
		327348A12D70968C00BE1F01 /* Progress-IndicatorUITests */ = {
			isa = PBXNativeTarget;
			buildConfigurationList = 327348B22D70968C00BE1F01 /* Build configuration list for PBXNativeTarget "Progress-IndicatorUITests" */;
			buildPhases = (
				3273489E2D70968C00BE1F01 /* Sources */,
				3273489F2D70968C00BE1F01 /* Frameworks */,
				327348A02D70968C00BE1F01 /* Resources */,
			);
			buildRules = (
			);
			dependencies = (
				327348A42D70968C00BE1F01 /* PBXTargetDependency */,
			);
			fileSystemSynchronizedGroups = (
				327348A52D70968C00BE1F01 /* Progress-IndicatorUITests */,
			);
			name = "Progress-IndicatorUITests";
			packageProductDependencies = (
			);
			productName = "Progress-IndicatorUITests";
			productReference = 327348A22D70968C00BE1F01 /* Progress-IndicatorUITests.xctest */;
			productType = "com.apple.product-type.bundle.ui-testing";
		};
/* End PBXNativeTarget section */

/* Begin PBXProject section */
		327348802D70968900BE1F01 /* Project object */ = {
			isa = PBXProject;
			attributes = {
				BuildIndependentTargetsInParallel = 1;
				LastSwiftUpdateCheck = 1620;
				LastUpgradeCheck = 1620;
				TargetAttributes = {
					327348872D70968900BE1F01 = {
						CreatedOnToolsVersion = 16.2;
					};
					327348972D70968C00BE1F01 = {
						CreatedOnToolsVersion = 16.2;
						TestTargetID = 327348872D70968900BE1F01;
					};
					327348A12D70968C00BE1F01 = {
						CreatedOnToolsVersion = 16.2;
						TestTargetID = 327348872D70968900BE1F01;
					};
				};
			};
			buildConfigurationList = 327348832D70968900BE1F01 /* Build configuration list for PBXProject "Progress-Indicator" */;
			developmentRegion = en;
			hasScannedForEncodings = 0;
			knownRegions = (
				en,
				Base,
			);
			mainGroup = 3273487F2D70968900BE1F01;
			minimizedProjectReferenceProxies = 1;
			packageReferences = (
				327348B62D70A08000BE1F01 /* XCRemoteSwiftPackageReference "lottie-spm" */,
			);
			preferredProjectObjectVersion = 77;
			productRefGroup = 327348892D70968900BE1F01 /* Products */;
			projectDirPath = "";
			projectRoot = "";
			targets = (
				327348872D70968900BE1F01 /* Progress-Indicator */,
				327348972D70968C00BE1F01 /* Progress-IndicatorTests */,
				327348A12D70968C00BE1F01 /* Progress-IndicatorUITests */,
			);
		};
/* End PBXProject section */

/* Begin PBXResourcesBuildPhase section */
		327348862D70968900BE1F01 /* Resources */ = {
			isa = PBXResourcesBuildPhase;
			buildActionMask = 2147483647;
			files = (
			);
			runOnlyForDeploymentPostprocessing = 0;
		};
		327348962D70968C00BE1F01 /* Resources */ = {
			isa = PBXResourcesBuildPhase;
			buildActionMask = 2147483647;
			files = (
			);
			runOnlyForDeploymentPostprocessing = 0;
		};
		327348A02D70968C00BE1F01 /* Resources */ = {
			isa = PBXResourcesBuildPhase;
			buildActionMask = 2147483647;
			files = (
			);
			runOnlyForDeploymentPostprocessing = 0;
		};
/* End PBXResourcesBuildPhase section */

/* Begin PBXSourcesBuildPhase section */
		327348842D70968900BE1F01 /* Sources */ = {
			isa = PBXSourcesBuildPhase;
			buildActionMask = 2147483647;
			files = (
			);
			runOnlyForDeploymentPostprocessing = 0;
		};
		327348942D70968C00BE1F01 /* Sources */ = {
			isa = PBXSourcesBuildPhase;
			buildActionMask = 2147483647;
			files = (
			);
			runOnlyForDeploymentPostprocessing = 0;
		};
		3273489E2D70968C00BE1F01 /* Sources */ = {
			isa = PBXSourcesBuildPhase;
			buildActionMask = 2147483647;
			files = (
			);
			runOnlyForDeploymentPostprocessing = 0;
		};
/* End PBXSourcesBuildPhase section */

/* Begin PBXTargetDependency section */
		3273489A2D70968C00BE1F01 /* PBXTargetDependency */ = {
			isa = PBXTargetDependency;
			target = 327348872D70968900BE1F01 /* Progress-Indicator */;
			targetProxy = 327348992D70968C00BE1F01 /* PBXContainerItemProxy */;
		};
		327348A42D70968C00BE1F01 /* PBXTargetDependency */ = {
			isa = PBXTargetDependency;
			target = 327348872D70968900BE1F01 /* Progress-Indicator */;
			targetProxy = 327348A32D70968C00BE1F01 /* PBXContainerItemProxy */;
		};
/* End PBXTargetDependency section */

/* Begin XCBuildConfiguration section */
		327348AA2D70968C00BE1F01 /* Debug */ = {
			isa = XCBuildConfiguration;
			buildSettings = {
				ALWAYS_SEARCH_USER_PATHS = NO;
				ASSETCATALOG_COMPILER_GENERATE_SWIFT_ASSET_SYMBOL_EXTENSIONS = YES;
				CLANG_ANALYZER_NONNULL = YES;
				CLANG_ANALYZER_NUMBER_OBJECT_CONVERSION = YES_AGGRESSIVE;
				CLANG_CXX_LANGUAGE_STANDARD = "gnu++20";
				CLANG_ENABLE_MODULES = YES;
				CLANG_ENABLE_OBJC_ARC = YES;
				CLANG_ENABLE_OBJC_WEAK = YES;
				CLANG_WARN_BLOCK_CAPTURE_AUTORELEASING = YES;
				CLANG_WARN_BOOL_CONVERSION = YES;
				CLANG_WARN_COMMA = YES;
				CLANG_WARN_CONSTANT_CONVERSION = YES;
				CLANG_WARN_DEPRECATED_OBJC_IMPLEMENTATIONS = YES;
				CLANG_WARN_DIRECT_OBJC_ISA_USAGE = YES_ERROR;
				CLANG_WARN_DOCUMENTATION_COMMENTS = YES;
				CLANG_WARN_EMPTY_BODY = YES;
				CLANG_WARN_ENUM_CONVERSION = YES;
				CLANG_WARN_INFINITE_RECURSION = YES;
				CLANG_WARN_INT_CONVERSION = YES;
				CLANG_WARN_NON_LITERAL_NULL_CONVERSION = YES;
				CLANG_WARN_OBJC_IMPLICIT_RETAIN_SELF = YES;
				CLANG_WARN_OBJC_LITERAL_CONVERSION = YES;
				CLANG_WARN_OBJC_ROOT_CLASS = YES_ERROR;
				CLANG_WARN_QUOTED_INCLUDE_IN_FRAMEWORK_HEADER = YES;
				CLANG_WARN_RANGE_LOOP_ANALYSIS = YES;
				CLANG_WARN_STRICT_PROTOTYPES = YES;
				CLANG_WARN_SUSPICIOUS_MOVE = YES;
				CLANG_WARN_UNGUARDED_AVAILABILITY = YES_AGGRESSIVE;
				CLANG_WARN_UNREACHABLE_CODE = YES;
				CLANG_WARN__DUPLICATE_METHOD_MATCH = YES;
				COPY_PHASE_STRIP = NO;
				DEBUG_INFORMATION_FORMAT = dwarf;
				ENABLE_STRICT_OBJC_MSGSEND = YES;
				ENABLE_TESTABILITY = YES;
				ENABLE_USER_SCRIPT_SANDBOXING = YES;
				GCC_C_LANGUAGE_STANDARD = gnu17;
				GCC_DYNAMIC_NO_PIC = NO;
				GCC_NO_COMMON_BLOCKS = YES;
				GCC_OPTIMIZATION_LEVEL = 0;
				GCC_PREPROCESSOR_DEFINITIONS = (
					"DEBUG=1",
					"$(inherited)",
				);
				GCC_WARN_64_TO_32_BIT_CONVERSION = YES;
				GCC_WARN_ABOUT_RETURN_TYPE = YES_ERROR;
				GCC_WARN_UNDECLARED_SELECTOR = YES;
				GCC_WARN_UNINITIALIZED_AUTOS = YES_AGGRESSIVE;
				GCC_WARN_UNUSED_FUNCTION = YES;
				GCC_WARN_UNUSED_VARIABLE = YES;
				IPHONEOS_DEPLOYMENT_TARGET = 18.2;
				LOCALIZATION_PREFERS_STRING_CATALOGS = YES;
				MTL_ENABLE_DEBUG_INFO = INCLUDE_SOURCE;
				MTL_FAST_MATH = YES;
				ONLY_ACTIVE_ARCH = YES;
				SDKROOT = iphoneos;
				SWIFT_ACTIVE_COMPILATION_CONDITIONS = "DEBUG $(inherited)";
				SWIFT_OPTIMIZATION_LEVEL = "-Onone";
			};
			name = Debug;
		};
		327348AB2D70968C00BE1F01 /* Release */ = {
			isa = XCBuildConfiguration;
			buildSettings = {
				ALWAYS_SEARCH_USER_PATHS = NO;
				ASSETCATALOG_COMPILER_GENERATE_SWIFT_ASSET_SYMBOL_EXTENSIONS = YES;
				CLANG_ANALYZER_NONNULL = YES;
				CLANG_ANALYZER_NUMBER_OBJECT_CONVERSION = YES_AGGRESSIVE;
				CLANG_CXX_LANGUAGE_STANDARD = "gnu++20";
				CLANG_ENABLE_MODULES = YES;
				CLANG_ENABLE_OBJC_ARC = YES;
				CLANG_ENABLE_OBJC_WEAK = YES;
				CLANG_WARN_BLOCK_CAPTURE_AUTORELEASING = YES;
				CLANG_WARN_BOOL_CONVERSION = YES;
				CLANG_WARN_COMMA = YES;
				CLANG_WARN_CONSTANT_CONVERSION = YES;
				CLANG_WARN_DEPRECATED_OBJC_IMPLEMENTATIONS = YES;
				CLANG_WARN_DIRECT_OBJC_ISA_USAGE = YES_ERROR;
				CLANG_WARN_DOCUMENTATION_COMMENTS = YES;
				CLANG_WARN_EMPTY_BODY = YES;
				CLANG_WARN_ENUM_CONVERSION = YES;
				CLANG_WARN_INFINITE_RECURSION = YES;
				CLANG_WARN_INT_CONVERSION = YES;
				CLANG_WARN_NON_LITERAL_NULL_CONVERSION = YES;
				CLANG_WARN_OBJC_IMPLICIT_RETAIN_SELF = YES;
				CLANG_WARN_OBJC_LITERAL_CONVERSION = YES;
				CLANG_WARN_OBJC_ROOT_CLASS = YES_ERROR;
				CLANG_WARN_QUOTED_INCLUDE_IN_FRAMEWORK_HEADER = YES;
				CLANG_WARN_RANGE_LOOP_ANALYSIS = YES;
				CLANG_WARN_STRICT_PROTOTYPES = YES;
				CLANG_WARN_SUSPICIOUS_MOVE = YES;
				CLANG_WARN_UNGUARDED_AVAILABILITY = YES_AGGRESSIVE;
				CLANG_WARN_UNREACHABLE_CODE = YES;
				CLANG_WARN__DUPLICATE_METHOD_MATCH = YES;
				COPY_PHASE_STRIP = NO;
				DEBUG_INFORMATION_FORMAT = "dwarf-with-dsym";
				ENABLE_NS_ASSERTIONS = NO;
				ENABLE_STRICT_OBJC_MSGSEND = YES;
				ENABLE_USER_SCRIPT_SANDBOXING = YES;
				GCC_C_LANGUAGE_STANDARD = gnu17;
				GCC_NO_COMMON_BLOCKS = YES;
				GCC_WARN_64_TO_32_BIT_CONVERSION = YES;
				GCC_WARN_ABOUT_RETURN_TYPE = YES_ERROR;
				GCC_WARN_UNDECLARED_SELECTOR = YES;
				GCC_WARN_UNINITIALIZED_AUTOS = YES_AGGRESSIVE;
				GCC_WARN_UNUSED_FUNCTION = YES;
				GCC_WARN_UNUSED_VARIABLE = YES;
				IPHONEOS_DEPLOYMENT_TARGET = 18.2;
				LOCALIZATION_PREFERS_STRING_CATALOGS = YES;
				MTL_ENABLE_DEBUG_INFO = NO;
				MTL_FAST_MATH = YES;
				SDKROOT = iphoneos;
				SWIFT_COMPILATION_MODE = wholemodule;
				VALIDATE_PRODUCT = YES;
			};
			name = Release;
		};
		327348AD2D70968C00BE1F01 /* Debug */ = {
			isa = XCBuildConfiguration;
			buildSettings = {
				ASSETCATALOG_COMPILER_APPICON_NAME = AppIcon;
				ASSETCATALOG_COMPILER_GLOBAL_ACCENT_COLOR_NAME = AccentColor;
				CODE_SIGN_STYLE = Automatic;
				CURRENT_PROJECT_VERSION = 1;
				DEVELOPMENT_ASSET_PATHS = "\"Progress-Indicator/Preview Content\"";
				ENABLE_PREVIEWS = YES;
				GENERATE_INFOPLIST_FILE = YES;
				INFOPLIST_KEY_UIApplicationSceneManifest_Generation = YES;
				INFOPLIST_KEY_UIApplicationSupportsIndirectInputEvents = YES;
				INFOPLIST_KEY_UILaunchScreen_Generation = YES;
				INFOPLIST_KEY_UISupportedInterfaceOrientations_iPad = "UIInterfaceOrientationPortrait UIInterfaceOrientationPortraitUpsideDown UIInterfaceOrientationLandscapeLeft UIInterfaceOrientationLandscapeRight";
				INFOPLIST_KEY_UISupportedInterfaceOrientations_iPhone = "UIInterfaceOrientationPortrait UIInterfaceOrientationLandscapeLeft UIInterfaceOrientationLandscapeRight";
				LD_RUNPATH_SEARCH_PATHS = (
					"$(inherited)",
					"@executable_path/Frameworks",
				);
				MARKETING_VERSION = 1.0;
				PRODUCT_BUNDLE_IDENTIFIER = "com.KhanBrothers.Progress-Indicator";
				PRODUCT_NAME = "$(TARGET_NAME)";
				SWIFT_EMIT_LOC_STRINGS = YES;
				SWIFT_VERSION = 5.0;
				TARGETED_DEVICE_FAMILY = "1,2";
			};
			name = Debug;
		};
		327348AE2D70968C00BE1F01 /* Release */ = {
			isa = XCBuildConfiguration;
			buildSettings = {
				ASSETCATALOG_COMPILER_APPICON_NAME = AppIcon;
				ASSETCATALOG_COMPILER_GLOBAL_ACCENT_COLOR_NAME = AccentColor;
				CODE_SIGN_STYLE = Automatic;
				CURRENT_PROJECT_VERSION = 1;
				DEVELOPMENT_ASSET_PATHS = "\"Progress-Indicator/Preview Content\"";
				ENABLE_PREVIEWS = YES;
				GENERATE_INFOPLIST_FILE = YES;
				INFOPLIST_KEY_UIApplicationSceneManifest_Generation = YES;
				INFOPLIST_KEY_UIApplicationSupportsIndirectInputEvents = YES;
				INFOPLIST_KEY_UILaunchScreen_Generation = YES;
				INFOPLIST_KEY_UISupportedInterfaceOrientations_iPad = "UIInterfaceOrientationPortrait UIInterfaceOrientationPortraitUpsideDown UIInterfaceOrientationLandscapeLeft UIInterfaceOrientationLandscapeRight";
				INFOPLIST_KEY_UISupportedInterfaceOrientations_iPhone = "UIInterfaceOrientationPortrait UIInterfaceOrientationLandscapeLeft UIInterfaceOrientationLandscapeRight";
				LD_RUNPATH_SEARCH_PATHS = (
					"$(inherited)",
					"@executable_path/Frameworks",
				);
				MARKETING_VERSION = 1.0;
				PRODUCT_BUNDLE_IDENTIFIER = "com.KhanBrothers.Progress-Indicator";
				PRODUCT_NAME = "$(TARGET_NAME)";
				SWIFT_EMIT_LOC_STRINGS = YES;
				SWIFT_VERSION = 5.0;
				TARGETED_DEVICE_FAMILY = "1,2";
			};
			name = Release;
		};
		327348B02D70968C00BE1F01 /* Debug */ = {
			isa = XCBuildConfiguration;
			buildSettings = {
				BUNDLE_LOADER = "$(TEST_HOST)";
				CODE_SIGN_STYLE = Automatic;
				CURRENT_PROJECT_VERSION = 1;
				GENERATE_INFOPLIST_FILE = YES;
				IPHONEOS_DEPLOYMENT_TARGET = 18.2;
				MARKETING_VERSION = 1.0;
				PRODUCT_BUNDLE_IDENTIFIER = "com.KhanBrothers.Progress-IndicatorTests";
				PRODUCT_NAME = "$(TARGET_NAME)";
				SWIFT_EMIT_LOC_STRINGS = NO;
				SWIFT_VERSION = 5.0;
				TARGETED_DEVICE_FAMILY = "1,2";
				TEST_HOST = "$(BUILT_PRODUCTS_DIR)/Progress-Indicator.app/$(BUNDLE_EXECUTABLE_FOLDER_PATH)/Progress-Indicator";
			};
			name = Debug;
		};
		327348B12D70968C00BE1F01 /* Release */ = {
			isa = XCBuildConfiguration;
			buildSettings = {
				BUNDLE_LOADER = "$(TEST_HOST)";
				CODE_SIGN_STYLE = Automatic;
				CURRENT_PROJECT_VERSION = 1;
				GENERATE_INFOPLIST_FILE = YES;
				IPHONEOS_DEPLOYMENT_TARGET = 18.2;
				MARKETING_VERSION = 1.0;
				PRODUCT_BUNDLE_IDENTIFIER = "com.KhanBrothers.Progress-IndicatorTests";
				PRODUCT_NAME = "$(TARGET_NAME)";
				SWIFT_EMIT_LOC_STRINGS = NO;
				SWIFT_VERSION = 5.0;
				TARGETED_DEVICE_FAMILY = "1,2";
				TEST_HOST = "$(BUILT_PRODUCTS_DIR)/Progress-Indicator.app/$(BUNDLE_EXECUTABLE_FOLDER_PATH)/Progress-Indicator";
			};
			name = Release;
		};
		327348B32D70968C00BE1F01 /* Debug */ = {
			isa = XCBuildConfiguration;
			buildSettings = {
				CODE_SIGN_STYLE = Automatic;
				CURRENT_PROJECT_VERSION = 1;
				GENERATE_INFOPLIST_FILE = YES;
				MARKETING_VERSION = 1.0;
				PRODUCT_BUNDLE_IDENTIFIER = "com.KhanBrothers.Progress-IndicatorUITests";
				PRODUCT_NAME = "$(TARGET_NAME)";
				SWIFT_EMIT_LOC_STRINGS = NO;
				SWIFT_VERSION = 5.0;
				TARGETED_DEVICE_FAMILY = "1,2";
				TEST_TARGET_NAME = "Progress-Indicator";
			};
			name = Debug;
		};
		327348B42D70968C00BE1F01 /* Release */ = {
			isa = XCBuildConfiguration;
			buildSettings = {
				CODE_SIGN_STYLE = Automatic;
				CURRENT_PROJECT_VERSION = 1;
				GENERATE_INFOPLIST_FILE = YES;
				MARKETING_VERSION = 1.0;
				PRODUCT_BUNDLE_IDENTIFIER = "com.KhanBrothers.Progress-IndicatorUITests";
				PRODUCT_NAME = "$(TARGET_NAME)";
				SWIFT_EMIT_LOC_STRINGS = NO;
				SWIFT_VERSION = 5.0;
				TARGETED_DEVICE_FAMILY = "1,2";
				TEST_TARGET_NAME = "Progress-Indicator";
			};
			name = Release;
		};
/* End XCBuildConfiguration section */

/* Begin XCConfigurationList section */
		327348832D70968900BE1F01 /* Build configuration list for PBXProject "Progress-Indicator" */ = {
			isa = XCConfigurationList;
			buildConfigurations = (
				327348AA2D70968C00BE1F01 /* Debug */,
				327348AB2D70968C00BE1F01 /* Release */,
			);
			defaultConfigurationIsVisible = 0;
			defaultConfigurationName = Release;
		};
		327348AC2D70968C00BE1F01 /* Build configuration list for PBXNativeTarget "Progress-Indicator" */ = {
			isa = XCConfigurationList;
			buildConfigurations = (
				327348AD2D70968C00BE1F01 /* Debug */,
				327348AE2D70968C00BE1F01 /* Release */,
			);
			defaultConfigurationIsVisible = 0;
			defaultConfigurationName = Release;
		};
		327348AF2D70968C00BE1F01 /* Build configuration list for PBXNativeTarget "Progress-IndicatorTests" */ = {
			isa = XCConfigurationList;
			buildConfigurations = (
				327348B02D70968C00BE1F01 /* Debug */,
				327348B12D70968C00BE1F01 /* Release */,
			);
			defaultConfigurationIsVisible = 0;
			defaultConfigurationName = Release;
		};
		327348B22D70968C00BE1F01 /* Build configuration list for PBXNativeTarget "Progress-IndicatorUITests" */ = {
			isa = XCConfigurationList;
			buildConfigurations = (
				327348B32D70968C00BE1F01 /* Debug */,
				327348B42D70968C00BE1F01 /* Release */,
			);
			defaultConfigurationIsVisible = 0;
			defaultConfigurationName = Release;
		};
/* End XCConfigurationList section */

/* Begin XCRemoteSwiftPackageReference section */
		327348B62D70A08000BE1F01 /* XCRemoteSwiftPackageReference "lottie-spm" */ = {
			isa = XCRemoteSwiftPackageReference;
			repositoryURL = "https://github.com/airbnb/lottie-spm";
			requirement = {
				kind = upToNextMajorVersion;
				minimumVersion = 4.5.1;
			};
		};
/* End XCRemoteSwiftPackageReference section */

/* Begin XCSwiftPackageProductDependency section */
		327348D62D70A47400BE1F01 /* Lottie */ = {
			isa = XCSwiftPackageProductDependency;
			productName = Lottie;
		};
/* End XCSwiftPackageProductDependency section */
	};
	rootObject = 327348802D70968900BE1F01 /* Project object */;
}
